// !$*UTF8*$!
{
	archiveVersion = 1;
	classes = {
	};
	objectVersion = 48;
	objects = {

/* Begin PBXBuildFile section */
		31EAB02D213256EA005CCCDD /* AppDelegate.swift in Sources */ = {isa = PBXBuildFile; fileRef = 31EAB02C213256EA005CCCDD /* AppDelegate.swift */; };
		31EAB032213256EA005CCCDD /* Main.storyboard in Resources */ = {isa = PBXBuildFile; fileRef = 31EAB030213256EA005CCCDD /* Main.storyboard */; };
		31EAB034213256EA005CCCDD /* Assets.xcassets in Resources */ = {isa = PBXBuildFile; fileRef = 31EAB033213256EA005CCCDD /* Assets.xcassets */; };
		31EAB037213256EA005CCCDD /* LaunchScreen.storyboard in Resources */ = {isa = PBXBuildFile; fileRef = 31EAB035213256EA005CCCDD /* LaunchScreen.storyboard */; };
		DC24DD0A213458440039CB92 /* ViewController.swift in Sources */ = {isa = PBXBuildFile; fileRef = DC24DD09213458440039CB92 /* ViewController.swift */; };
		DC24DD0C21345CB00039CB92 /* InputController.swift in Sources */ = {isa = PBXBuildFile; fileRef = DC24DD0B21345CB00039CB92 /* InputController.swift */; };
		DC24DD0E21345D3F0039CB92 /* DetailInputController.swift in Sources */ = {isa = PBXBuildFile; fileRef = DC24DD0D21345D3F0039CB92 /* DetailInputController.swift */; };
		DCE146D32133EAF900CA6285 /* ListViewController.swift in Sources */ = {isa = PBXBuildFile; fileRef = DCE146D22133EAF900CA6285 /* ListViewController.swift */; };
		DCE146D52133EF4D00CA6285 /* DetailListViewController.swift in Sources */ = {isa = PBXBuildFile; fileRef = DCE146D42133EF4D00CA6285 /* DetailListViewController.swift */; };
/* End PBXBuildFile section */

/* Begin PBXFileReference section */
		31EAB029213256EA005CCCDD /* 3D Flash Cards.app */ = {isa = PBXFileReference; explicitFileType = wrapper.application; includeInIndex = 0; path = "3D Flash Cards.app"; sourceTree = BUILT_PRODUCTS_DIR; };
		31EAB02C213256EA005CCCDD /* AppDelegate.swift */ = {isa = PBXFileReference; lastKnownFileType = sourcecode.swift; path = AppDelegate.swift; sourceTree = "<group>"; };
		31EAB031213256EA005CCCDD /* Base */ = {isa = PBXFileReference; lastKnownFileType = file.storyboard; name = Base; path = Base.lproj/Main.storyboard; sourceTree = "<group>"; };
		31EAB033213256EA005CCCDD /* Assets.xcassets */ = {isa = PBXFileReference; lastKnownFileType = folder.assetcatalog; path = Assets.xcassets; sourceTree = "<group>"; };
		31EAB036213256EA005CCCDD /* Base */ = {isa = PBXFileReference; lastKnownFileType = file.storyboard; name = Base; path = Base.lproj/LaunchScreen.storyboard; sourceTree = "<group>"; };
		31EAB038213256EA005CCCDD /* Info.plist */ = {isa = PBXFileReference; lastKnownFileType = text.plist.xml; path = Info.plist; sourceTree = "<group>"; };
		DC24DD09213458440039CB92 /* ViewController.swift */ = {isa = PBXFileReference; lastKnownFileType = sourcecode.swift; path = ViewController.swift; sourceTree = "<group>"; };
		DC24DD0B21345CB00039CB92 /* InputController.swift */ = {isa = PBXFileReference; lastKnownFileType = sourcecode.swift; path = InputController.swift; sourceTree = "<group>"; };
		DC24DD0D21345D3F0039CB92 /* DetailInputController.swift */ = {isa = PBXFileReference; lastKnownFileType = sourcecode.swift; path = DetailInputController.swift; sourceTree = "<group>"; };
		DCE146D22133EAF900CA6285 /* ListViewController.swift */ = {isa = PBXFileReference; lastKnownFileType = sourcecode.swift; path = ListViewController.swift; sourceTree = "<group>"; };
		DCE146D42133EF4D00CA6285 /* DetailListViewController.swift */ = {isa = PBXFileReference; lastKnownFileType = sourcecode.swift; path = DetailListViewController.swift; sourceTree = "<group>"; };
/* End PBXFileReference section */

/* Begin PBXFrameworksBuildPhase section */
		31EAB026213256EA005CCCDD /* Frameworks */ = {
			isa = PBXFrameworksBuildPhase;
			buildActionMask = 2147483647;
			files = (
			);
			runOnlyForDeploymentPostprocessing = 0;
		};
/* End PBXFrameworksBuildPhase section */

/* Begin PBXGroup section */
		31EAB020213256EA005CCCDD = {
			isa = PBXGroup;
			children = (
				31EAB02B213256EA005CCCDD /* 3D Flash Cards */,
				31EAB02A213256EA005CCCDD /* Products */,
			);
			sourceTree = "<group>";
		};
		31EAB02A213256EA005CCCDD /* Products */ = {
			isa = PBXGroup;
			children = (
				31EAB029213256EA005CCCDD /* 3D Flash Cards.app */,
			);
			name = Products;
			sourceTree = "<group>";
		};
		31EAB02B213256EA005CCCDD /* 3D Flash Cards */ = {
			isa = PBXGroup;
			children = (
				31EAB02C213256EA005CCCDD /* AppDelegate.swift */,
				31EAB030213256EA005CCCDD /* Main.storyboard */,
				DC24DD0D21345D3F0039CB92 /* DetailInputController.swift */,
				DC24DD0B21345CB00039CB92 /* InputController.swift */,
				DC24DD09213458440039CB92 /* ViewController.swift */,
				DCE146D42133EF4D00CA6285 /* DetailListViewController.swift */,
				DCE146D22133EAF900CA6285 /* ListViewController.swift */,
				31EAB033213256EA005CCCDD /* Assets.xcassets */,
				31EAB035213256EA005CCCDD /* LaunchScreen.storyboard */,
				31EAB038213256EA005CCCDD /* Info.plist */,
			);
			path = "3D Flash Cards";
			sourceTree = "<group>";
		};
/* End PBXGroup section */

/* Begin PBXNativeTarget section */
		31EAB028213256EA005CCCDD /* 3D Flash Cards */ = {
			isa = PBXNativeTarget;
			buildConfigurationList = 31EAB03B213256EA005CCCDD /* Build configuration list for PBXNativeTarget "3D Flash Cards" */;
			buildPhases = (
				31EAB025213256EA005CCCDD /* Sources */,
				31EAB026213256EA005CCCDD /* Frameworks */,
				31EAB027213256EA005CCCDD /* Resources */,
			);
			buildRules = (
			);
			dependencies = (
			);
			name = "3D Flash Cards";
			productName = "3D Flash Cards";
			productReference = 31EAB029213256EA005CCCDD /* 3D Flash Cards.app */;
			productType = "com.apple.product-type.application";
		};
/* End PBXNativeTarget section */

/* Begin PBXProject section */
		31EAB021213256EA005CCCDD /* Project object */ = {
			isa = PBXProject;
			attributes = {
				LastSwiftUpdateCheck = 0920;
				LastUpgradeCheck = 0920;
				ORGANIZATIONNAME = Mugnit;
				TargetAttributes = {
					31EAB028213256EA005CCCDD = {
						CreatedOnToolsVersion = 9.2;
						ProvisioningStyle = Automatic;
					};
				};
			};
			buildConfigurationList = 31EAB024213256EA005CCCDD /* Build configuration list for PBXProject "3D Flash Cards" */;
			compatibilityVersion = "Xcode 8.0";
			developmentRegion = en;
			hasScannedForEncodings = 0;
			knownRegions = (
				en,
				Base,
			);
			mainGroup = 31EAB020213256EA005CCCDD;
			productRefGroup = 31EAB02A213256EA005CCCDD /* Products */;
			projectDirPath = "";
			projectRoot = "";
			targets = (
				31EAB028213256EA005CCCDD /* 3D Flash Cards */,
			);
		};
/* End PBXProject section */

/* Begin PBXResourcesBuildPhase section */
		31EAB027213256EA005CCCDD /* Resources */ = {
			isa = PBXResourcesBuildPhase;
			buildActionMask = 2147483647;
			files = (
				31EAB037213256EA005CCCDD /* LaunchScreen.storyboard in Resources */,
				31EAB034213256EA005CCCDD /* Assets.xcassets in Resources */,
				31EAB032213256EA005CCCDD /* Main.storyboard in Resources */,
			);
			runOnlyForDeploymentPostprocessing = 0;
		};
/* End PBXResourcesBuildPhase section */

/* Begin PBXSourcesBuildPhase section */
		31EAB025213256EA005CCCDD /* Sources */ = {
			isa = PBXSourcesBuildPhase;
			buildActionMask = 2147483647;
			files = (
				DCE146D32133EAF900CA6285 /* ListViewController.swift in Sources */,
				DC24DD0E21345D3F0039CB92 /* DetailInputController.swift in Sources */,
				DCE146D52133EF4D00CA6285 /* DetailListViewController.swift in Sources */,
				DC24DD0A213458440039CB92 /* ViewController.swift in Sources */,
				DC24DD0C21345CB00039CB92 /* InputController.swift in Sources */,
				31EAB02D213256EA005CCCDD /* AppDelegate.swift in Sources */,
			);
			runOnlyForDeploymentPostprocessing = 0;
		};
/* End PBXSourcesBuildPhase section */

/* Begin PBXVariantGroup section */
		31EAB030213256EA005CCCDD /* Main.storyboard */ = {
			isa = PBXVariantGroup;
			children = (
				31EAB031213256EA005CCCDD /* Base */,
			);
			name = Main.storyboard;
			sourceTree = "<group>";
		};
		31EAB035213256EA005CCCDD /* LaunchScreen.storyboard */ = {
			isa = PBXVariantGroup;
			children = (
				31EAB036213256EA005CCCDD /* Base */,
			);
			name = LaunchScreen.storyboard;
			sourceTree = "<group>";
		};
/* End PBXVariantGroup section */

/* Begin XCBuildConfiguration section */
		31EAB039213256EA005CCCDD /* Debug */ = {
			isa = XCBuildConfiguration;
			buildSettings = {
				ALWAYS_SEARCH_USER_PATHS = NO;
				CLANG_ANALYZER_NONNULL = YES;
				CLANG_ANALYZER_NUMBER_OBJECT_CONVERSION = YES_AGGRESSIVE;
				CLANG_CXX_LANGUAGE_STANDARD = "gnu++14";
				CLANG_CXX_LIBRARY = "libc++";
				CLANG_ENABLE_MODULES = YES;
				CLANG_ENABLE_OBJC_ARC = YES;
				CLANG_WARN_BLOCK_CAPTURE_AUTORELEASING = YES;
				CLANG_WARN_BOOL_CONVERSION = YES;
				CLANG_WARN_COMMA = YES;
				CLANG_WARN_CONSTANT_CONVERSION = YES;
				CLANG_WARN_DIRECT_OBJC_ISA_USAGE = YES_ERROR;
				CLANG_WARN_DOCUMENTATION_COMMENTS = YES;
				CLANG_WARN_EMPTY_BODY = YES;
				CLANG_WARN_ENUM_CONVERSION = YES;
				CLANG_WARN_INFINITE_RECURSION = YES;
				CLANG_WARN_INT_CONVERSION = YES;
				CLANG_WARN_NON_LITERAL_NULL_CONVERSION = YES;
				CLANG_WARN_OBJC_LITERAL_CONVERSION = YES;
				CLANG_WARN_OBJC_ROOT_CLASS = YES_ERROR;
				CLANG_WARN_RANGE_LOOP_ANALYSIS = YES;
				CLANG_WARN_STRICT_PROTOTYPES = YES;
				CLANG_WARN_SUSPICIOUS_MOVE = YES;
				CLANG_WARN_UNGUARDED_AVAILABILITY = YES_AGGRESSIVE;
				CLANG_WARN_UNREACHABLE_CODE = YES;
				CLANG_WARN__DUPLICATE_METHOD_MATCH = YES;
				CODE_SIGN_IDENTITY = "iPhone Developer";
				COPY_PHASE_STRIP = NO;
				DEBUG_INFORMATION_FORMAT = dwarf;
				ENABLE_STRICT_OBJC_MSGSEND = YES;
				ENABLE_TESTABILITY = YES;
				GCC_C_LANGUAGE_STANDARD = gnu11;
				GCC_DYNAMIC_NO_PIC = NO;
				GCC_NO_COMMON_BLOCKS = YES;
				GCC_OPTIMIZATION_LEVEL = 0;
				GCC_PREPROCESSOR_DEFINITIONS = (
					"DEBUG=1",
					"$(inherited)",
				);
				GCC_WARN_64_TO_32_BIT_CONVERSION = YES;
				GCC_WARN_ABOUT_RETURN_TYPE = YES_ERROR;
				GCC_WARN_UNDECLARED_SELECTOR = YES;
				GCC_WARN_UNINITIALIZED_AUTOS = YES_AGGRESSIVE;
				GCC_WARN_UNUSED_FUNCTION = YES;
				GCC_WARN_UNUSED_VARIABLE = YES;
				IPHONEOS_DEPLOYMENT_TARGET = 9.0;
				MTL_ENABLE_DEBUG_INFO = YES;
				ONLY_ACTIVE_ARCH = YES;
				SDKROOT = iphoneos;
				SWIFT_ACTIVE_COMPILATION_CONDITIONS = DEBUG;
				SWIFT_OPTIMIZATION_LEVEL = "-Onone";
			};
			name = Debug;
		};
		31EAB03A213256EA005CCCDD /* Release */ = {
			isa = XCBuildConfiguration;
			buildSettings = {
				ALWAYS_SEARCH_USER_PATHS = NO;
				CLANG_ANALYZER_NONNULL = YES;
				CLANG_ANALYZER_NUMBER_OBJECT_CONVERSION = YES_AGGRESSIVE;
				CLANG_CXX_LANGUAGE_STANDARD = "gnu++14";
				CLANG_CXX_LIBRARY = "libc++";
				CLANG_ENABLE_MODULES = YES;
				CLANG_ENABLE_OBJC_ARC = YES;
				CLANG_WARN_BLOCK_CAPTURE_AUTORELEASING = YES;
				CLANG_WARN_BOOL_CONVERSION = YES;
				CLANG_WARN_COMMA = YES;
				CLANG_WARN_CONSTANT_CONVERSION = YES;
				CLANG_WARN_DIRECT_OBJC_ISA_USAGE = YES_ERROR;
				CLANG_WARN_DOCUMENTATION_COMMENTS = YES;
				CLANG_WARN_EMPTY_BODY = YES;
				CLANG_WARN_ENUM_CONVERSION = YES;
				CLANG_WARN_INFINITE_RECURSION = YES;
				CLANG_WARN_INT_CONVERSION = YES;
				CLANG_WARN_NON_LITERAL_NULL_CONVERSION = YES;
				CLANG_WARN_OBJC_LITERAL_CONVERSION = YES;
				CLANG_WARN_OBJC_ROOT_CLASS = YES_ERROR;
				CLANG_WARN_RANGE_LOOP_ANALYSIS = YES;
				CLANG_WARN_STRICT_PROTOTYPES = YES;
				CLANG_WARN_SUSPICIOUS_MOVE = YES;
				CLANG_WARN_UNGUARDED_AVAILABILITY = YES_AGGRESSIVE;
				CLANG_WARN_UNREACHABLE_CODE = YES;
				CLANG_WARN__DUPLICATE_METHOD_MATCH = YES;
				CODE_SIGN_IDENTITY = "iPhone Developer";
				COPY_PHASE_STRIP = NO;
				DEBUG_INFORMATION_FORMAT = "dwarf-with-dsym";
				ENABLE_NS_ASSERTIONS = NO;
				ENABLE_STRICT_OBJC_MSGSEND = YES;
				GCC_C_LANGUAGE_STANDARD = gnu11;
				GCC_NO_COMMON_BLOCKS = YES;
				GCC_WARN_64_TO_32_BIT_CONVERSION = YES;
				GCC_WARN_ABOUT_RETURN_TYPE = YES_ERROR;
				GCC_WARN_UNDECLARED_SELECTOR = YES;
				GCC_WARN_UNINITIALIZED_AUTOS = YES_AGGRESSIVE;
				GCC_WARN_UNUSED_FUNCTION = YES;
				GCC_WARN_UNUSED_VARIABLE = YES;
				IPHONEOS_DEPLOYMENT_TARGET = 9.0;
				MTL_ENABLE_DEBUG_INFO = NO;
				SDKROOT = iphoneos;
				SWIFT_OPTIMIZATION_LEVEL = "-Owholemodule";
				VALIDATE_PRODUCT = YES;
			};
			name = Release;
		};
		31EAB03C213256EA005CCCDD /* Debug */ = {
			isa = XCBuildConfiguration;
			buildSettings = {
				ASSETCATALOG_COMPILER_APPICON_NAME = AppIcon;
				CODE_SIGN_STYLE = Automatic;
				DEVELOPMENT_TEAM = LTB7354962;
				INFOPLIST_FILE = "3D Flash Cards/Info.plist";
				IPHONEOS_DEPLOYMENT_TARGET = 9.0;
				LD_RUNPATH_SEARCH_PATHS = "$(inherited) @executable_path/Frameworks";
				PRODUCT_BUNDLE_IDENTIFIER = "com.Mugnit.-D-Flash-Cards";
				PRODUCT_NAME = "$(TARGET_NAME)";
				SWIFT_VERSION = 4.0;
				TARGETED_DEVICE_FAMILY = "1,2";
			};
			name = Debug;
		};
		31EAB03D213256EA005CCCDD /* Release */ = {
			isa = XCBuildConfiguration;
			buildSettings = {
				ASSETCATALOG_COMPILER_APPICON_NAME = AppIcon;
				CODE_SIGN_STYLE = Automatic;
				DEVELOPMENT_TEAM = LTB7354962;
				INFOPLIST_FILE = "3D Flash Cards/Info.plist";
				IPHONEOS_DEPLOYMENT_TARGET = 9.0;
				LD_RUNPATH_SEARCH_PATHS = "$(inherited) @executable_path/Frameworks";
				PRODUCT_BUNDLE_IDENTIFIER = "com.Mugnit.-D-Flash-Cards";
				PRODUCT_NAME = "$(TARGET_NAME)";
				SWIFT_VERSION = 4.0;
				TARGETED_DEVICE_FAMILY = "1,2";
			};
			name = Release;
		};
/* End XCBuildConfiguration section */

/* Begin XCConfigurationList section */
		31EAB024213256EA005CCCDD /* Build configuration list for PBXProject "3D Flash Cards" */ = {
			isa = XCConfigurationList;
			buildConfigurations = (
				31EAB039213256EA005CCCDD /* Debug */,
				31EAB03A213256EA005CCCDD /* Release */,
			);
			defaultConfigurationIsVisible = 0;
			defaultConfigurationName = Debug;
		};
		31EAB03B213256EA005CCCDD /* Build configuration list for PBXNativeTarget "3D Flash Cards" */ = {
			isa = XCConfigurationList;
			buildConfigurations = (
				31EAB03C213256EA005CCCDD /* Debug */,
				31EAB03D213256EA005CCCDD /* Release */,
			);
			defaultConfigurationIsVisible = 0;
			defaultConfigurationName = Debug;
		};
/* End XCConfigurationList section */
	};
	rootObject = 31EAB021213256EA005CCCDD /* Project object */;
}
